
Microsoft Visual Studio Solution File, Format Version 12.00
# Visual Studio 15
VisualStudioVersion = 15.0.28010.2046
MinimumVisualStudioVersion = 10.0.40219.1
Project("{8BC9CEB8-8B4A-11D0-8D11-00A0C91BC942}") = "RationalNumberOOP", "RationalNumberOOP\RationalNumberOOP.vcxproj", "{45CE15C1-9AC5-498E-AF41-934A16BC8F35}"
EndProject
Global
	GlobalSection(SolutionConfigurationPlatforms) = preSolution
		Debug|x64 = Debug|x64
		Debug|x86 = Debug|x86
		Release|x64 = Release|x64
		Release|x86 = Release|x86
	EndGlobalSection
	GlobalSection(ProjectConfigurationPlatforms) = postSolution
		{45CE15C1-9AC5-498E-AF41-934A16BC8F35}.Debug|x64.ActiveCfg = Debug|x64
		{45CE15C1-9AC5-498E-AF41-934A16BC8F35}.Debug|x64.Build.0 = Debug|x64
		{45CE15C1-9AC5-498E-AF41-934A16BC8F35}.Debug|x86.ActiveCfg = Debug|Win32
		{45CE15C1-9AC5-498E-AF41-934A16BC8F35}.Debug|x86.Build.0 = Debug|Win32
		{45CE15C1-9AC5-498E-AF41-934A16BC8F35}.Release|x64.ActiveCfg = Release|x64
		{45CE15C1-9AC5-498E-AF41-934A16BC8F35}.Release|x64.Build.0 = Release|x64
		{45CE15C1-9AC5-498E-AF41-934A16BC8F35}.Release|x86.ActiveCfg = Release|Win32
		{45CE15C1-9AC5-498E-AF41-934A16BC8F35}.Release|x86.Build.0 = Release|Win32
	EndGlobalSection
	GlobalSection(SolutionProperties) = preSolution
		HideSolutionNode = FALSE
	EndGlobalSection
	GlobalSection(ExtensibilityGlobals) = postSolution
		SolutionGuid = {1F9508EC-B467-4D61-BD37-B18C789979F4}
	EndGlobalSection
EndGlobal
